{
  "name": "151",
  "lockfileVersion": 2,
  "requires": true,
  "packages": {
    "": {
      "dependencies": {
        "express-oauth2-jwt-bearer": "^1.2.0"
      }
    },
    "node_modules/express-oauth2-jwt-bearer": {
      "version": "1.2.0",
      "resolved": "https://registry.npmjs.org/express-oauth2-jwt-bearer/-/express-oauth2-jwt-bearer-1.2.0.tgz",
      "integrity": "sha512-ZXI8klu6RoqYSsa/d/+k7BSAH9U+8a6WS/z7lxFUdtatcky5uPyG++nYudq3pHynZi5C4oGJ5AcgtM4oWMx/cA==",
      "dependencies": {
        "jose": "^4.9.2"
      },
      "engines": {
        "node": "^12.19.0 || ^14.15.0 || ^16.13.0 || ^18.12.0"
      }
    },
    "node_modules/jose": {
      "version": "4.10.4",
      "resolved": "https://registry.npmjs.org/jose/-/jose-4.10.4.tgz",
      "integrity": "sha512-eBH77Xs9Yc/oTDvukhAEDVMijhekPuNktXJL4tUlB22jqKP1k48v5nmsUmc8feoJPsxB3HsfEt2LbVSoz+1mng==",
      "funding": {
        "url": "https://github.com/sponsors/panva"
      }
    }
  },
  "dependencies": {
    "express-oauth2-jwt-bearer": {
      "version": "1.2.0",
      "resolved": "https://registry.npmjs.org/express-oauth2-jwt-bearer/-/express-oauth2-jwt-bearer-1.2.0.tgz",
      "integrity": "sha512-ZXI8klu6RoqYSsa/d/+k7BSAH9U+8a6WS/z7lxFUdtatcky5uPyG++nYudq3pHynZi5C4oGJ5AcgtM4oWMx/cA==",
      "requires": {
        "jose": "^4.9.2"
      }
    },
    "jose": {
      "version": "4.10.4",
      "resolved": "https://registry.npmjs.org/jose/-/jose-4.10.4.tgz",
      "integrity": "sha512-eBH77Xs9Yc/oTDvukhAEDVMijhekPuNktXJL4tUlB22jqKP1k48v5nmsUmc8feoJPsxB3HsfEt2LbVSoz+1mng=="
    }
  }
}
